
Microsoft Visual Studio Solution File, Format Version 12.00
# Visual Studio Version 17
VisualStudioVersion = 17.5.33530.505
MinimumVisualStudioVersion = 10.0.40219.1
Project("{FAE04EC0-301F-11D3-BF4B-00C04F79EFBC}") = "BLL", "BLL\BLL.csproj", "{D2106173-1E8C-4BA3-9821-BA0605771551}"
EndProject
Project("{FAE04EC0-301F-11D3-BF4B-00C04F79EFBC}") = "DAL", "DAL\DAL.csproj", "{CECD1404-9BFD-4168-B832-F22C38F3D261}"
EndProject
Project("{FAE04EC0-301F-11D3-BF4B-00C04F79EFBC}") = "TourneyNet", "TourneyNet\TourneyNet.csproj", "{2F3F4B9F-EB95-4967-A821-8F8205001D04}"
EndProject
Global
	GlobalSection(SolutionConfigurationPlatforms) = preSolution
		Debug|Any CPU = Debug|Any CPU
		Release|Any CPU = Release|Any CPU
	EndGlobalSection
	GlobalSection(ProjectConfigurationPlatforms) = postSolution
		{D2106173-1E8C-4BA3-9821-BA0605771551}.Debug|Any CPU.ActiveCfg = Debug|Any CPU
		{D2106173-1E8C-4BA3-9821-BA0605771551}.Debug|Any CPU.Build.0 = Debug|Any CPU
		{D2106173-1E8C-4BA3-9821-BA0605771551}.Release|Any CPU.ActiveCfg = Release|Any CPU
		{D2106173-1E8C-4BA3-9821-BA0605771551}.Release|Any CPU.Build.0 = Release|Any CPU
		{CECD1404-9BFD-4168-B832-F22C38F3D261}.Debug|Any CPU.ActiveCfg = Debug|Any CPU
		{CECD1404-9BFD-4168-B832-F22C38F3D261}.Debug|Any CPU.Build.0 = Debug|Any CPU
		{CECD1404-9BFD-4168-B832-F22C38F3D261}.Release|Any CPU.ActiveCfg = Release|Any CPU
		{CECD1404-9BFD-4168-B832-F22C38F3D261}.Release|Any CPU.Build.0 = Release|Any CPU
		{2F3F4B9F-EB95-4967-A821-8F8205001D04}.Debug|Any CPU.ActiveCfg = Debug|Any CPU
		{2F3F4B9F-EB95-4967-A821-8F8205001D04}.Debug|Any CPU.Build.0 = Debug|Any CPU
		{2F3F4B9F-EB95-4967-A821-8F8205001D04}.Release|Any CPU.ActiveCfg = Release|Any CPU
		{2F3F4B9F-EB95-4967-A821-8F8205001D04}.Release|Any CPU.Build.0 = Release|Any CPU
	EndGlobalSection
	GlobalSection(SolutionProperties) = preSolution
		HideSolutionNode = FALSE
	EndGlobalSection
	GlobalSection(ExtensibilityGlobals) = postSolution
		SolutionGuid = {75ABB9F5-A03B-469F-A578-1A4F93481924}
	EndGlobalSection
EndGlobal
